{
  "name": "metal-name",
  "version": "1.3.1",
  "lockfileVersion": 1,
  "requires": true,
  "dependencies": {
    "ava": {
      "version": "0.0.4",
      "resolved": "https://registry.npmjs.org/ava/-/ava-0.0.4.tgz",
      "integrity": "sha1-RfwilU1gtH/kfNbM5d4ui/M7yCQ=",
      "dev": true,
      "requires": {
        "chalk": "^0.5.1",
        "each-async": "^1.0.0",
        "log-symbols": "^1.0.0",
        "minimist": "^1.1.0"
      },
      "dependencies": {
        "chalk": {
          "version": "0.5.1",
          "resolved": "https://registry.npmjs.org/chalk/-/chalk-0.5.1.tgz",
          "integrity": "sha1-Zjs6ZItotV0EaQ1JFnqoN4WPIXQ=",
          "dev": true,
          "requires": {
            "ansi-styles": "^1.1.0",
            "escape-string-regexp": "^1.0.0",
            "has-ansi": "^0.1.0",
            "strip-ansi": "^0.3.0",
            "supports-color": "^0.2.0"
          },
          "dependencies": {
            "ansi-styles": {
              "version": "1.1.0",
              "resolved": "https://registry.npmjs.org/ansi-styles/-/ansi-styles-1.1.0.tgz",
              "integrity": "sha1-6uy/Zs1waIJ2Cy9GkVgrj1XXp94=",
              "dev": true
            },
            "escape-string-regexp": {
              "version": "1.0.3",
              "resolved": "https://registry.npmjs.org/escape-string-regexp/-/escape-string-regexp-1.0.3.tgz",
              "integrity": "sha1-ni2LJbwlVcMzZyN1DgPwmcJzW7U=",
              "dev": true
            },
            "has-ansi": {
              "version": "0.1.0",
              "resolved": "https://registry.npmjs.org/has-ansi/-/has-ansi-0.1.0.tgz",
              "integrity": "sha1-hPJlqujA5qiKEtcCKJS3VoiUxi4=",
              "dev": true,
              "requires": {
                "ansi-regex": "^0.2.0"
              },
              "dependencies": {
                "ansi-regex": {
                  "version": "0.2.1",
                  "resolved": "https://registry.npmjs.org/ansi-regex/-/ansi-regex-0.2.1.tgz",
                  "integrity": "sha1-DY6UaWej2BQ/k+JOKYUl/BsiNfk=",
                  "dev": true
                }
              }
            },
            "strip-ansi": {
              "version": "0.3.0",
              "resolved": "https://registry.npmjs.org/strip-ansi/-/strip-ansi-0.3.0.tgz",
              "integrity": "sha1-JfSOoiynkYfzF0pNuHWTR7sSYiA=",
              "dev": true,
              "requires": {
                "ansi-regex": "^0.2.1"
              },
              "dependencies": {
                "ansi-regex": {
                  "version": "0.2.1",
                  "resolved": "https://registry.npmjs.org/ansi-regex/-/ansi-regex-0.2.1.tgz",
                  "integrity": "sha1-DY6UaWej2BQ/k+JOKYUl/BsiNfk=",
                  "dev": true
                }
              }
            },
            "supports-color": {
              "version": "0.2.0",
              "resolved": "https://registry.npmjs.org/supports-color/-/supports-color-0.2.0.tgz",
              "integrity": "sha1-2S3iaU6z9nMjlz1649i1W0wiGQo=",
              "dev": true
            }
          }
        },
        "each-async": {
          "version": "1.1.1",
          "resolved": "https://registry.npmjs.org/each-async/-/each-async-1.1.1.tgz",
          "integrity": "sha1-3uUim98KtrogEqOV4bhpq/iBNHM=",
          "dev": true,
          "requires": {
            "onetime": "^1.0.0",
            "set-immediate-shim": "^1.0.0"
          },
          "dependencies": {
            "onetime": {
              "version": "1.0.0",
              "resolved": "https://registry.npmjs.org/onetime/-/onetime-1.0.0.tgz",
              "integrity": "sha1-Ogio4514Ft9S00iGN0+47YtlH2I=",
              "dev": true
            },
            "set-immediate-shim": {
              "version": "1.0.0",
              "resolved": "https://registry.npmjs.org/set-immediate-shim/-/set-immediate-shim-1.0.0.tgz",
              "integrity": "sha1-4jtFozJE9vLc2QNZvDi9vwSN4VI=",
              "dev": true
            }
          }
        },
        "log-symbols": {
          "version": "1.0.2",
          "resolved": "https://registry.npmjs.org/log-symbols/-/log-symbols-1.0.2.tgz",
          "integrity": "sha1-N2/3tY6jCGoPCfrMdGF+ylAeGhg=",
          "dev": true,
          "requires": {
            "chalk": "^1.0.0"
          },
          "dependencies": {
            "chalk": {
              "version": "1.0.0",
              "resolved": "https://registry.npmjs.org/chalk/-/chalk-1.0.0.tgz",
              "integrity": "sha1-s89O0P9Tl8mcdbj2edsvUoMfltw=",
              "dev": true,
              "requires": {
                "ansi-styles": "^2.0.1",
                "escape-string-regexp": "^1.0.2",
                "has-ansi": "^1.0.3",
                "strip-ansi": "^2.0.1",
                "supports-color": "^1.3.0"
              },
              "dependencies": {
                "ansi-styles": {
                  "version": "2.0.1",
                  "resolved": "https://registry.npmjs.org/ansi-styles/-/ansi-styles-2.0.1.tgz",
                  "integrity": "sha1-sDP1f5Pi0oreuLwRE4+hPaD9IKM=",
                  "dev": true
                },
                "escape-string-regexp": {
                  "version": "1.0.3",
                  "resolved": "https://registry.npmjs.org/escape-string-regexp/-/escape-string-regexp-1.0.3.tgz",
                  "integrity": "sha1-ni2LJbwlVcMzZyN1DgPwmcJzW7U=",
                  "dev": true
                },
                "has-ansi": {
                  "version": "1.0.3",
                  "resolved": "https://registry.npmjs.org/has-ansi/-/has-ansi-1.0.3.tgz",
                  "integrity": "sha1-wLWxYV2eOCsP9nFp2We0JeSMpTg=",
                  "dev": true,
                  "requires": {
                    "ansi-regex": "^1.1.0",
                    "get-stdin": "^4.0.1"
                  },
                  "dependencies": {
                    "ansi-regex": {
                      "version": "1.1.1",
                      "resolved": "https://registry.npmjs.org/ansi-regex/-/ansi-regex-1.1.1.tgz",
                      "integrity": "sha1-QchHGUZGN15qGl0Qw8oFTvn8mA0=",
                      "dev": true
                    },
                    "get-stdin": {
                      "version": "4.0.1",
                      "resolved": "https://registry.npmjs.org/get-stdin/-/get-stdin-4.0.1.tgz",
                      "integrity": "sha1-uWjGsKBDhDJJAui/Gl3zJXmkUP4=",
                      "dev": true
                    }
                  }
                },
                "strip-ansi": {
                  "version": "2.0.1",
                  "resolved": "https://registry.npmjs.org/strip-ansi/-/strip-ansi-2.0.1.tgz",
                  "integrity": "sha1-32LBqpTtLxFOHQ8h/R1QSCt5pg4=",
                  "dev": true,
                  "requires": {
                    "ansi-regex": "^1.0.0"
                  },
                  "dependencies": {
                    "ansi-regex": {
                      "version": "1.1.1",
                      "resolved": "https://registry.npmjs.org/ansi-regex/-/ansi-regex-1.1.1.tgz",
                      "integrity": "sha1-QchHGUZGN15qGl0Qw8oFTvn8mA0=",
                      "dev": true
                    }
                  }
                },
                "supports-color": {
                  "version": "1.3.0",
                  "resolved": "https://registry.npmjs.org/supports-color/-/supports-color-1.3.0.tgz",
                  "integrity": "sha1-yn3vE02L+BY+HJKQWkmi5EObcqA=",
                  "dev": true
                }
              }
            }
          }
        },
        "minimist": {
          "version": "1.1.0",
          "resolved": "https://registry.npmjs.org/minimist/-/minimist-1.1.0.tgz",
          "integrity": "sha1-zfIl6ImPhAolje1E/JF3Z3Cv3JM=",
          "dev": true
        }
      }
    },
    "balanced-match": {
      "version": "1.0.0",
      "resolved": "https://registry.npmjs.org/balanced-match/-/balanced-match-1.0.0.tgz",
      "integrity": "sha1-ibTRmasr7kneFk6gK4nORi1xt2c=",
      "dev": true
    },
    "brace-expansion": {
      "version": "1.1.11",
      "resolved": "https://registry.npmjs.org/brace-expansion/-/brace-expansion-1.1.11.tgz",
      "integrity": "sha512-iCuPHDFgrHX7H2vEI/5xpz07zSHB00TpugqhmYtVmMO6518mCuRMoOYFldEBl0g187ufozdaHgWKcYFb61qGiA==",
      "dev": true,
      "requires": {
        "balanced-match": "^1.0.0",
        "concat-map": "0.0.1"
      }
    },
    "camelcase": {
      "version": "1.2.1",
      "resolved": "https://registry.npmjs.org/camelcase/-/camelcase-1.2.1.tgz",
      "integrity": "sha1-m7UwTS4LVmmLLHWLCKPqqdqlijk="
    },
    "camelcase-keys": {
      "version": "1.0.0",
      "resolved": "https://registry.npmjs.org/camelcase-keys/-/camelcase-keys-1.0.0.tgz",
      "integrity": "sha1-vRoRv5sxoc5JNJOpMN4aC69K1+w=",
      "requires": {
        "camelcase": "^1.0.1",
        "map-obj": "^1.0.0"
      }
    },
    "cli": {
      "version": "1.0.1",
      "resolved": "https://registry.npmjs.org/cli/-/cli-1.0.1.tgz",
      "integrity": "sha1-IoF1NPJL+klQw01TLUjsvGIbjBQ=",
      "dev": true,
      "requires": {
        "exit": "0.1.2",
        "glob": "^7.1.1"
      }
    },
    "concat-map": {
      "version": "0.0.1",
      "resolved": "https://registry.npmjs.org/concat-map/-/concat-map-0.0.1.tgz",
      "integrity": "sha1-2Klr13/Wjfd5OnMDajug1UBdR3s=",
      "dev": true
    },
    "console-browserify": {
      "version": "1.1.0",
      "resolved": "https://registry.npmjs.org/console-browserify/-/console-browserify-1.1.0.tgz",
      "integrity": "sha1-8CQcRXMKn8YyOyBtvzjtx0HQuxA=",
      "dev": true,
      "requires": {
        "date-now": "^0.1.4"
      }
    },
    "core-util-is": {
      "version": "1.0.2",
      "resolved": "https://registry.npmjs.org/core-util-is/-/core-util-is-1.0.2.tgz",
      "integrity": "sha1-tf1UIgqivFq1eqtxQMlAdUUDwac=",
      "dev": true
    },
    "date-now": {
      "version": "0.1.4",
      "resolved": "https://registry.npmjs.org/date-now/-/date-now-0.1.4.tgz",
      "integrity": "sha1-6vQ5/U1ISK105cx9vvIAZyueNFs=",
      "dev": true
    },
    "dom-serializer": {
      "version": "0.1.0",
      "resolved": "https://registry.npmjs.org/dom-serializer/-/dom-serializer-0.1.0.tgz",
      "integrity": "sha1-BzxpdUbOB4DOI75KKOKT5AvDDII=",
      "dev": true,
      "requires": {
        "domelementtype": "~1.1.1",
        "entities": "~1.1.1"
      },
      "dependencies": {
        "domelementtype": {
          "version": "1.1.3",
          "resolved": "https://registry.npmjs.org/domelementtype/-/domelementtype-1.1.3.tgz",
          "integrity": "sha1-vSh3PiZCiBrsUVRJJCmcXNgiGFs=",
          "dev": true
        },
        "entities": {
          "version": "1.1.2",
          "resolved": "https://registry.npmjs.org/entities/-/entities-1.1.2.tgz",
          "integrity": "sha512-f2LZMYl1Fzu7YSBKg+RoROelpOaNrcGmE9AZubeDfrCEia483oW4MI4VyFd5VNHIgQ/7qm1I0wUHK1eJnn2y2w==",
          "dev": true
        }
      }
    },
    "domelementtype": {
      "version": "1.3.1",
      "resolved": "https://registry.npmjs.org/domelementtype/-/domelementtype-1.3.1.tgz",
      "integrity": "sha512-BSKB+TSpMpFI/HOxCNr1O8aMOTZ8hT3pM3GQ0w/mWRmkhEDSFJkkyzz4XQsBV44BChwGkrDfMyjVD0eA2aFV3w==",
      "dev": true
    },
    "domhandler": {
      "version": "2.3.0",
      "resolved": "https://registry.npmjs.org/domhandler/-/domhandler-2.3.0.tgz",
      "integrity": "sha1-LeWaCCLVAn+r/28DLCsloqir5zg=",
      "dev": true,
      "requires": {
        "domelementtype": "1"
      }
    },
    "domutils": {
      "version": "1.5.1",
      "resolved": "https://registry.npmjs.org/domutils/-/domutils-1.5.1.tgz",
      "integrity": "sha1-3NhIiib1Y9YQeeSMn3t+Mjc2gs8=",
      "dev": true,
      "requires": {
        "dom-serializer": "0",
        "domelementtype": "1"
      }
    },
    "entities": {
      "version": "1.0.0",
      "resolved": "https://registry.npmjs.org/entities/-/entities-1.0.0.tgz",
      "integrity": "sha1-sph6o4ITR/zeZCsk/fyeT7cSvyY=",
      "dev": true
    },
    "exit": {
      "version": "0.1.2",
      "resolved": "https://registry.npmjs.org/exit/-/exit-0.1.2.tgz",
      "integrity": "sha1-BjJjj42HfMghB9MKD/8aF8uhzQw=",
      "dev": true
    },
    "fs.realpath": {
      "version": "1.0.0",
      "resolved": "https://registry.npmjs.org/fs.realpath/-/fs.realpath-1.0.0.tgz",
      "integrity": "sha1-FQStJSMVjKpA20onh8sBQRmU6k8=",
      "dev": true
    },
    "get-stdin": {
      "version": "4.0.1",
      "resolved": "https://registry.npmjs.org/get-stdin/-/get-stdin-4.0.1.tgz",
      "integrity": "sha1-uWjGsKBDhDJJAui/Gl3zJXmkUP4="
    },
    "glob": {
      "version": "7.1.3",
      "resolved": "https://registry.npmjs.org/glob/-/glob-7.1.3.tgz",
      "integrity": "sha512-vcfuiIxogLV4DlGBHIUOwI0IbrJ8HWPc4MU7HzviGeNho/UJDfi6B5p3sHeWIQ0KGIU0Jpxi5ZHxemQfLkkAwQ==",
      "dev": true,
      "requires": {
        "fs.realpath": "^1.0.0",
        "inflight": "^1.0.4",
        "inherits": "2",
        "minimatch": "^3.0.4",
        "once": "^1.3.0",
        "path-is-absolute": "^1.0.0"
      }
    },
    "htmlparser2": {
      "version": "3.8.3",
      "resolved": "https://registry.npmjs.org/htmlparser2/-/htmlparser2-3.8.3.tgz",
      "integrity": "sha1-mWwosZFRaovoZQGn15dX5ccMEGg=",
      "dev": true,
      "requires": {
        "domelementtype": "1",
        "domhandler": "2.3",
        "domutils": "1.5",
        "entities": "1.0",
        "readable-stream": "1.1"
      }
    },
    "indent-string": {
      "version": "1.2.2",
      "resolved": "https://registry.npmjs.org/indent-string/-/indent-string-1.2.2.tgz",
      "integrity": "sha1-25m8xYPrarux5I3LsZmamGBBy2s=",
      "requires": {
        "get-stdin": "^4.0.1",
        "minimist": "^1.1.0",
        "repeating": "^1.1.0"
      }
    },
    "inflight": {
      "version": "1.0.6",
      "resolved": "https://registry.npmjs.org/inflight/-/inflight-1.0.6.tgz",
      "integrity": "sha1-Sb1jMdfQLQwJvJEKEHW6gWW1bfk=",
      "dev": true,
      "requires": {
        "once": "^1.3.0",
        "wrappy": "1"
      }
    },
    "inherits": {
      "version": "2.0.3",
      "resolved": "https://registry.npmjs.org/inherits/-/inherits-2.0.3.tgz",
      "integrity": "sha1-Yzwsg+PaQqUC9SRmAiSA9CCCYd4=",
      "dev": true
    },
    "is-finite": {
      "version": "1.0.2",
      "resolved": "https://registry.npmjs.org/is-finite/-/is-finite-1.0.2.tgz",
      "integrity": "sha1-zGZ3aVYCvlUO8R6LSqYwU0K20Ko=",
      "requires": {
        "number-is-nan": "^1.0.0"
      }
    },
    "isarray": {
      "version": "0.0.1",
      "resolved": "https://registry.npmjs.org/isarray/-/isarray-0.0.1.tgz",
      "integrity": "sha1-ihis/Kmo9Bd+Cav8YDiTmwXR7t8=",
      "dev": true
    },
    "jshint": {
      "version": "2.9.7",
      "resolved": "https://registry.npmjs.org/jshint/-/jshint-2.9.7.tgz",
      "integrity": "sha512-Q8XN38hGsVQhdlM+4gd1Xl7OB1VieSuCJf+fEJjpo59JH99bVJhXRXAh26qQ15wfdd1VPMuDWNeSWoNl53T4YA==",
      "dev": true,
      "requires": {
        "cli": "~1.0.0",
        "console-browserify": "1.1.x",
        "exit": "0.1.x",
        "htmlparser2": "3.8.x",
        "lodash": "~4.17.10",
        "minimatch": "~3.0.2",
        "shelljs": "0.3.x",
        "strip-json-comments": "1.0.x"
      },
      "dependencies": {
        "lodash": {
          "version": "4.17.11",
          "resolved": "https://registry.npmjs.org/lodash/-/lodash-4.17.11.tgz",
          "integrity": "sha512-cQKh8igo5QUhZ7lg38DYWAxMvjSAKG0A8wGSVimP07SIUEK2UO+arSRKbRZWtelMtN5V0Hkwh5ryOto/SshYIg==",
          "dev": true
        }
      }
    },
    "lodash.sample": {
      "version": "4.2.1",
      "resolved": "https://registry.npmjs.org/lodash.sample/-/lodash.sample-4.2.1.tgz",
      "integrity": "sha1-XkKRsMdT+hq+sKq4+ynfG2bwf20="
    },
    "map-obj": {
      "version": "1.0.1",
      "resolved": "https://registry.npmjs.org/map-obj/-/map-obj-1.0.1.tgz",
      "integrity": "sha1-2TPOuSBdgr3PSIb2dCvcK03qFG0="
    },
    "meow": {
      "version": "2.1.0",
      "resolved": "https://registry.npmjs.org/meow/-/meow-2.1.0.tgz",
      "integrity": "sha1-OmP3eXfBUMFv2ESE0M72d8QYJ5k=",
      "requires": {
        "camelcase-keys": "^1.0.0",
        "indent-string": "^1.1.0",
        "minimist": "^1.1.0",
        "object-assign": "^2.0.0"
      }
    },
    "minimatch": {
      "version": "3.0.4",
      "resolved": "https://registry.npmjs.org/minimatch/-/minimatch-3.0.4.tgz",
      "integrity": "sha512-yJHVQEhyqPLUTgt9B83PXu6W3rx4MvvHvSUvToogpwoGDOUQ+yDrR0HRot+yOCdCO7u4hX3pWft6kWBBcqh0UA==",
      "dev": true,
      "requires": {
        "brace-expansion": "^1.1.7"
      }
    },
    "minimist": {
      "version": "1.2.0",
      "resolved": "https://registry.npmjs.org/minimist/-/minimist-1.2.0.tgz",
      "integrity": "sha1-o1AIsg9BOD7sH7kU9M1d95omQoQ="
    },
    "number-is-nan": {
      "version": "1.0.1",
      "resolved": "https://registry.npmjs.org/number-is-nan/-/number-is-nan-1.0.1.tgz",
      "integrity": "sha1-CXtgK1NCKlIsGvuHkDGDNpQaAR0="
    },
    "object-assign": {
      "version": "2.1.1",
      "resolved": "https://registry.npmjs.org/object-assign/-/object-assign-2.1.1.tgz",
      "integrity": "sha1-Q8NuXVaf+OSBbE76i+AtJpZ8GKo="
    },
    "once": {
      "version": "1.4.0",
      "resolved": "https://registry.npmjs.org/once/-/once-1.4.0.tgz",
      "integrity": "sha1-WDsap3WWHUsROsF9nFC6753Xa9E=",
      "dev": true,
      "requires": {
        "wrappy": "1"
      }
    },
    "path-is-absolute": {
      "version": "1.0.1",
      "resolved": "https://registry.npmjs.org/path-is-absolute/-/path-is-absolute-1.0.1.tgz",
      "integrity": "sha1-F0uSaHNVNP+8es5r9TpanhtcX18=",
      "dev": true
    },
    "precommit-hook": {
      "version": "1.0.7",
      "resolved": "https://registry.npmjs.org/precommit-hook/-/precommit-hook-1.0.7.tgz",
      "integrity": "sha1-59NzD+DizJclnD5/N0YcY1O0PKY=",
      "dev": true
    },
    "readable-stream": {
      "version": "1.1.14",
      "resolved": "https://registry.npmjs.org/readable-stream/-/readable-stream-1.1.14.tgz",
      "integrity": "sha1-fPTFTvZI44EwhMY23SB54WbAgdk=",
      "dev": true,
      "requires": {
        "core-util-is": "~1.0.0",
        "inherits": "~2.0.1",
        "isarray": "0.0.1",
        "string_decoder": "~0.10.x"
      }
    },
    "repeating": {
      "version": "1.1.3",
      "resolved": "https://registry.npmjs.org/repeating/-/repeating-1.1.3.tgz",
      "integrity": "sha1-PUEUIYh3U3SU+X93+Xhfq4EPpKw=",
      "requires": {
        "is-finite": "^1.0.0"
      }
    },
    "shelljs": {
      "version": "0.3.0",
      "resolved": "https://registry.npmjs.org/shelljs/-/shelljs-0.3.0.tgz",
      "integrity": "sha1-NZbmMHp4FUT1kfN9phg2DzHbV7E=",
      "dev": true
    },
    "string_decoder": {
      "version": "0.10.31",
      "resolved": "https://registry.npmjs.org/string_decoder/-/string_decoder-0.10.31.tgz",
      "integrity": "sha1-YuIDvEF2bGwoyfyEMB2rHFMQ+pQ=",
      "dev": true
    },
    "strip-json-comments": {
      "version": "1.0.4",
      "resolved": "https://registry.npmjs.org/strip-json-comments/-/strip-json-comments-1.0.4.tgz",
      "integrity": "sha1-HhX7ysl9Pumb8tc7TGVrCCu6+5E=",
      "dev": true
    },
    "wrappy": {
      "version": "1.0.2",
      "resolved": "https://registry.npmjs.org/wrappy/-/wrappy-1.0.2.tgz",
      "integrity": "sha1-tSQ9jz7BqjXxNkYFvA0QNuMKtp8=",
      "dev": true
    }
  }
}
